
Microsoft Visual Studio Solution File, Format Version 12.00
# Visual Studio Version 17
VisualStudioVersion = 17.8.34330.188
MinimumVisualStudioVersion = 10.0.40219.1
Project("{FAE04EC0-301F-11D3-BF4B-00C04F79EFBC}") = "MushPredict.Web", "MushPredict.Web\MushPredict.Web.csproj", "{8DDE6F76-B232-46A3-8565-98B3BA1430FD}"
EndProject
Project("{FAE04EC0-301F-11D3-BF4B-00C04F79EFBC}") = "MushPredict.Entity", "MushPredict.Entity\MushPredict.Entity.csproj", "{2B9CBD5E-1536-4570-8C03-B60958485195}"
EndProject
Project("{FAE04EC0-301F-11D3-BF4B-00C04F79EFBC}") = "MushPredict.Data", "MushPredict.Data\MushPredict.Data.csproj", "{A19728CF-C9A3-42A6-9E1E-E4BFE35A4B0C}"
EndProject
Project("{FAE04EC0-301F-11D3-BF4B-00C04F79EFBC}") = "MushPredict.Service", "MushPredict.Service\MushPredict.Service.csproj", "{79E2FD4A-B004-4D69-9976-9894870421B4}"
EndProject
Project("{FAE04EC0-301F-11D3-BF4B-00C04F79EFBC}") = "MushPredict.Core", "MushPredict.Core\MushPredict.Core.csproj", "{11D11A8E-A69F-41CD-A9E8-B4CA23EC2CB3}"
EndProject
Global
	GlobalSection(SolutionConfigurationPlatforms) = preSolution
		Debug|Any CPU = Debug|Any CPU
		Release|Any CPU = Release|Any CPU
	EndGlobalSection
	GlobalSection(ProjectConfigurationPlatforms) = postSolution
		{8DDE6F76-B232-46A3-8565-98B3BA1430FD}.Debug|Any CPU.ActiveCfg = Debug|Any CPU
		{8DDE6F76-B232-46A3-8565-98B3BA1430FD}.Debug|Any CPU.Build.0 = Debug|Any CPU
		{8DDE6F76-B232-46A3-8565-98B3BA1430FD}.Release|Any CPU.ActiveCfg = Release|Any CPU
		{8DDE6F76-B232-46A3-8565-98B3BA1430FD}.Release|Any CPU.Build.0 = Release|Any CPU
		{2B9CBD5E-1536-4570-8C03-B60958485195}.Debug|Any CPU.ActiveCfg = Debug|Any CPU
		{2B9CBD5E-1536-4570-8C03-B60958485195}.Debug|Any CPU.Build.0 = Debug|Any CPU
		{2B9CBD5E-1536-4570-8C03-B60958485195}.Release|Any CPU.ActiveCfg = Release|Any CPU
		{2B9CBD5E-1536-4570-8C03-B60958485195}.Release|Any CPU.Build.0 = Release|Any CPU
		{A19728CF-C9A3-42A6-9E1E-E4BFE35A4B0C}.Debug|Any CPU.ActiveCfg = Debug|Any CPU
		{A19728CF-C9A3-42A6-9E1E-E4BFE35A4B0C}.Debug|Any CPU.Build.0 = Debug|Any CPU
		{A19728CF-C9A3-42A6-9E1E-E4BFE35A4B0C}.Release|Any CPU.ActiveCfg = Release|Any CPU
		{A19728CF-C9A3-42A6-9E1E-E4BFE35A4B0C}.Release|Any CPU.Build.0 = Release|Any CPU
		{79E2FD4A-B004-4D69-9976-9894870421B4}.Debug|Any CPU.ActiveCfg = Debug|Any CPU
		{79E2FD4A-B004-4D69-9976-9894870421B4}.Debug|Any CPU.Build.0 = Debug|Any CPU
		{79E2FD4A-B004-4D69-9976-9894870421B4}.Release|Any CPU.ActiveCfg = Release|Any CPU
		{79E2FD4A-B004-4D69-9976-9894870421B4}.Release|Any CPU.Build.0 = Release|Any CPU
		{11D11A8E-A69F-41CD-A9E8-B4CA23EC2CB3}.Debug|Any CPU.ActiveCfg = Debug|Any CPU
		{11D11A8E-A69F-41CD-A9E8-B4CA23EC2CB3}.Debug|Any CPU.Build.0 = Debug|Any CPU
		{11D11A8E-A69F-41CD-A9E8-B4CA23EC2CB3}.Release|Any CPU.ActiveCfg = Release|Any CPU
		{11D11A8E-A69F-41CD-A9E8-B4CA23EC2CB3}.Release|Any CPU.Build.0 = Release|Any CPU
	EndGlobalSection
	GlobalSection(SolutionProperties) = preSolution
		HideSolutionNode = FALSE
	EndGlobalSection
	GlobalSection(ExtensibilityGlobals) = postSolution
		SolutionGuid = {4D5C2955-1FAD-4F31-B1A9-57770689F4BD}
	EndGlobalSection
EndGlobal
